// !$*UTF8*$!
{
	archiveVersion = 1;
	classes = {
	};
	objectVersion = 55;
	objects = {

/* Begin PBXBuildFile section */
		158028242773239D003F7EB1 /* AppDelegate.swift in Sources */ = {isa = PBXBuildFile; fileRef = 158028232773239D003F7EB1 /* AppDelegate.swift */; };
		158028262773239D003F7EB1 /* SceneDelegate.swift in Sources */ = {isa = PBXBuildFile; fileRef = 158028252773239D003F7EB1 /* SceneDelegate.swift */; };
		158028282773239D003F7EB1 /* ViewController.swift in Sources */ = {isa = PBXBuildFile; fileRef = 158028272773239D003F7EB1 /* ViewController.swift */; };
		1580282B2773239D003F7EB1 /* Main.storyboard in Resources */ = {isa = PBXBuildFile; fileRef = 158028292773239D003F7EB1 /* Main.storyboard */; };
		1580282D277323A5003F7EB1 /* Assets.xcassets in Resources */ = {isa = PBXBuildFile; fileRef = 1580282C277323A5003F7EB1 /* Assets.xcassets */; };
		15802830277323A5003F7EB1 /* LaunchScreen.storyboard in Resources */ = {isa = PBXBuildFile; fileRef = 1580282E277323A5003F7EB1 /* LaunchScreen.storyboard */; };
		1580283B277323A5003F7EB1 /* kfm_ios_testTests.swift in Sources */ = {isa = PBXBuildFile; fileRef = 1580283A277323A5003F7EB1 /* kfm_ios_testTests.swift */; };
		15802845277323A5003F7EB1 /* kfm_ios_testUITests.swift in Sources */ = {isa = PBXBuildFile; fileRef = 15802844277323A5003F7EB1 /* kfm_ios_testUITests.swift */; };
		15802847277323A5003F7EB1 /* kfm_ios_testUITestsLaunchTests.swift in Sources */ = {isa = PBXBuildFile; fileRef = 15802846277323A5003F7EB1 /* kfm_ios_testUITestsLaunchTests.swift */; };
		1580285527742496003F7EB1 /* Coordinator.swift in Sources */ = {isa = PBXBuildFile; fileRef = 1580285427742496003F7EB1 /* Coordinator.swift */; };
		15802857277424AE003F7EB1 /* Storyboarded.swift in Sources */ = {isa = PBXBuildFile; fileRef = 15802856277424AE003F7EB1 /* Storyboarded.swift */; };
		1580285D2774255B003F7EB1 /* MainCoordinator.swift in Sources */ = {isa = PBXBuildFile; fileRef = 1580285C2774255B003F7EB1 /* MainCoordinator.swift */; };
		1580286027742828003F7EB1 /* URLs.swift in Sources */ = {isa = PBXBuildFile; fileRef = 1580285F27742828003F7EB1 /* URLs.swift */; };
		1580286327742984003F7EB1 /* NetworkManager.swift in Sources */ = {isa = PBXBuildFile; fileRef = 1580286227742984003F7EB1 /* NetworkManager.swift */; };
		1580286527742C19003F7EB1 /* Weather.swift in Sources */ = {isa = PBXBuildFile; fileRef = 1580286427742C19003F7EB1 /* Weather.swift */; };
		1580286727742DFA003F7EB1 /* MainViewModel.swift in Sources */ = {isa = PBXBuildFile; fileRef = 1580286627742DFA003F7EB1 /* MainViewModel.swift */; };
		1580286927746A02003F7EB1 /* WeatherForecast.swift in Sources */ = {isa = PBXBuildFile; fileRef = 1580286827746A02003F7EB1 /* WeatherForecast.swift */; };
		1580286C277560C7003F7EB1 /* WeatherCell.xib in Resources */ = {isa = PBXBuildFile; fileRef = 1580286B277560C6003F7EB1 /* WeatherCell.xib */; };
		1580286E27756192003F7EB1 /* WeatherCell.swift in Sources */ = {isa = PBXBuildFile; fileRef = 1580286D27756192003F7EB1 /* WeatherCell.swift */; };
		66F5D3EB5A80C18A647984BF /* Pods_kfm_ios_testTests.framework in Frameworks */ = {isa = PBXBuildFile; fileRef = BB67503AA8DC0307623380EA /* Pods_kfm_ios_testTests.framework */; };
		751901EEE6A469C52ABD84E2 /* Pods_kfm_ios_test_kfm_ios_testUITests.framework in Frameworks */ = {isa = PBXBuildFile; fileRef = B95248BD17BB55FE6B1CAA15 /* Pods_kfm_ios_test_kfm_ios_testUITests.framework */; };
		995D92F1CA1B587EC05D622D /* Pods_kfm_ios_test.framework in Frameworks */ = {isa = PBXBuildFile; fileRef = 182159D90E986157C8B6C0CE /* Pods_kfm_ios_test.framework */; };
/* End PBXBuildFile section */

/* Begin PBXContainerItemProxy section */
		15802837277323A5003F7EB1 /* PBXContainerItemProxy */ = {
			isa = PBXContainerItemProxy;
			containerPortal = 158028182773239D003F7EB1 /* Project object */;
			proxyType = 1;
			remoteGlobalIDString = 1580281F2773239D003F7EB1;
			remoteInfo = "kfm-ios-test";
		};
		15802841277323A5003F7EB1 /* PBXContainerItemProxy */ = {
			isa = PBXContainerItemProxy;
			containerPortal = 158028182773239D003F7EB1 /* Project object */;
			proxyType = 1;
			remoteGlobalIDString = 1580281F2773239D003F7EB1;
			remoteInfo = "kfm-ios-test";
		};
/* End PBXContainerItemProxy section */

/* Begin PBXFileReference section */
		158028202773239D003F7EB1 /* kfm-ios-test.app */ = {isa = PBXFileReference; explicitFileType = wrapper.application; includeInIndex = 0; path = "kfm-ios-test.app"; sourceTree = BUILT_PRODUCTS_DIR; };
		158028232773239D003F7EB1 /* AppDelegate.swift */ = {isa = PBXFileReference; lastKnownFileType = sourcecode.swift; path = AppDelegate.swift; sourceTree = "<group>"; };
		158028252773239D003F7EB1 /* SceneDelegate.swift */ = {isa = PBXFileReference; lastKnownFileType = sourcecode.swift; path = SceneDelegate.swift; sourceTree = "<group>"; };
		158028272773239D003F7EB1 /* ViewController.swift */ = {isa = PBXFileReference; lastKnownFileType = sourcecode.swift; path = ViewController.swift; sourceTree = "<group>"; };
		1580282A2773239D003F7EB1 /* Base */ = {isa = PBXFileReference; lastKnownFileType = file.storyboard; name = Base; path = Base.lproj/Main.storyboard; sourceTree = "<group>"; };
		1580282C277323A5003F7EB1 /* Assets.xcassets */ = {isa = PBXFileReference; lastKnownFileType = folder.assetcatalog; path = Assets.xcassets; sourceTree = "<group>"; };
		1580282F277323A5003F7EB1 /* Base */ = {isa = PBXFileReference; lastKnownFileType = file.storyboard; name = Base; path = Base.lproj/LaunchScreen.storyboard; sourceTree = "<group>"; };
		15802831277323A5003F7EB1 /* Info.plist */ = {isa = PBXFileReference; lastKnownFileType = text.plist.xml; path = Info.plist; sourceTree = "<group>"; };
		15802836277323A5003F7EB1 /* kfm-ios-testTests.xctest */ = {isa = PBXFileReference; explicitFileType = wrapper.cfbundle; includeInIndex = 0; path = "kfm-ios-testTests.xctest"; sourceTree = BUILT_PRODUCTS_DIR; };
		1580283A277323A5003F7EB1 /* kfm_ios_testTests.swift */ = {isa = PBXFileReference; lastKnownFileType = sourcecode.swift; path = kfm_ios_testTests.swift; sourceTree = "<group>"; };
		15802840277323A5003F7EB1 /* kfm-ios-testUITests.xctest */ = {isa = PBXFileReference; explicitFileType = wrapper.cfbundle; includeInIndex = 0; path = "kfm-ios-testUITests.xctest"; sourceTree = BUILT_PRODUCTS_DIR; };
		15802844277323A5003F7EB1 /* kfm_ios_testUITests.swift */ = {isa = PBXFileReference; lastKnownFileType = sourcecode.swift; path = kfm_ios_testUITests.swift; sourceTree = "<group>"; };
		15802846277323A5003F7EB1 /* kfm_ios_testUITestsLaunchTests.swift */ = {isa = PBXFileReference; lastKnownFileType = sourcecode.swift; path = kfm_ios_testUITestsLaunchTests.swift; sourceTree = "<group>"; };
		1580285427742496003F7EB1 /* Coordinator.swift */ = {isa = PBXFileReference; lastKnownFileType = sourcecode.swift; path = Coordinator.swift; sourceTree = "<group>"; };
		15802856277424AE003F7EB1 /* Storyboarded.swift */ = {isa = PBXFileReference; lastKnownFileType = sourcecode.swift; path = Storyboarded.swift; sourceTree = "<group>"; };
		1580285C2774255B003F7EB1 /* MainCoordinator.swift */ = {isa = PBXFileReference; lastKnownFileType = sourcecode.swift; path = MainCoordinator.swift; sourceTree = "<group>"; };
		1580285F27742828003F7EB1 /* URLs.swift */ = {isa = PBXFileReference; lastKnownFileType = sourcecode.swift; path = URLs.swift; sourceTree = "<group>"; };
		1580286227742984003F7EB1 /* NetworkManager.swift */ = {isa = PBXFileReference; lastKnownFileType = sourcecode.swift; path = NetworkManager.swift; sourceTree = "<group>"; };
		1580286427742C19003F7EB1 /* Weather.swift */ = {isa = PBXFileReference; lastKnownFileType = sourcecode.swift; path = Weather.swift; sourceTree = "<group>"; };
		1580286627742DFA003F7EB1 /* MainViewModel.swift */ = {isa = PBXFileReference; lastKnownFileType = sourcecode.swift; path = MainViewModel.swift; sourceTree = "<group>"; };
		1580286827746A02003F7EB1 /* WeatherForecast.swift */ = {isa = PBXFileReference; lastKnownFileType = sourcecode.swift; path = WeatherForecast.swift; sourceTree = "<group>"; };
		1580286B277560C6003F7EB1 /* WeatherCell.xib */ = {isa = PBXFileReference; lastKnownFileType = file.xib; path = WeatherCell.xib; sourceTree = "<group>"; };
		1580286D27756192003F7EB1 /* WeatherCell.swift */ = {isa = PBXFileReference; lastKnownFileType = sourcecode.swift; path = WeatherCell.swift; sourceTree = "<group>"; };
		182159D90E986157C8B6C0CE /* Pods_kfm_ios_test.framework */ = {isa = PBXFileReference; explicitFileType = wrapper.framework; includeInIndex = 0; path = Pods_kfm_ios_test.framework; sourceTree = BUILT_PRODUCTS_DIR; };
		46022BCBA33DB300E0130A43 /* Pods-kfm-ios-testTests.release.xcconfig */ = {isa = PBXFileReference; includeInIndex = 1; lastKnownFileType = text.xcconfig; name = "Pods-kfm-ios-testTests.release.xcconfig"; path = "Target Support Files/Pods-kfm-ios-testTests/Pods-kfm-ios-testTests.release.xcconfig"; sourceTree = "<group>"; };
		474080B710CF915D9F760914 /* Pods-kfm-ios-test-kfm-ios-testUITests.release.xcconfig */ = {isa = PBXFileReference; includeInIndex = 1; lastKnownFileType = text.xcconfig; name = "Pods-kfm-ios-test-kfm-ios-testUITests.release.xcconfig"; path = "Target Support Files/Pods-kfm-ios-test-kfm-ios-testUITests/Pods-kfm-ios-test-kfm-ios-testUITests.release.xcconfig"; sourceTree = "<group>"; };
		7CF12138550C99675227DCB4 /* Pods-kfm-ios-test.debug.xcconfig */ = {isa = PBXFileReference; includeInIndex = 1; lastKnownFileType = text.xcconfig; name = "Pods-kfm-ios-test.debug.xcconfig"; path = "Target Support Files/Pods-kfm-ios-test/Pods-kfm-ios-test.debug.xcconfig"; sourceTree = "<group>"; };
		84AD135B46E8747F70E90F48 /* Pods-kfm-ios-testTests.debug.xcconfig */ = {isa = PBXFileReference; includeInIndex = 1; lastKnownFileType = text.xcconfig; name = "Pods-kfm-ios-testTests.debug.xcconfig"; path = "Target Support Files/Pods-kfm-ios-testTests/Pods-kfm-ios-testTests.debug.xcconfig"; sourceTree = "<group>"; };
		A013479459364BB9F8522503 /* Pods-kfm-ios-test-kfm-ios-testUITests.debug.xcconfig */ = {isa = PBXFileReference; includeInIndex = 1; lastKnownFileType = text.xcconfig; name = "Pods-kfm-ios-test-kfm-ios-testUITests.debug.xcconfig"; path = "Target Support Files/Pods-kfm-ios-test-kfm-ios-testUITests/Pods-kfm-ios-test-kfm-ios-testUITests.debug.xcconfig"; sourceTree = "<group>"; };
		B95248BD17BB55FE6B1CAA15 /* Pods_kfm_ios_test_kfm_ios_testUITests.framework */ = {isa = PBXFileReference; explicitFileType = wrapper.framework; includeInIndex = 0; path = Pods_kfm_ios_test_kfm_ios_testUITests.framework; sourceTree = BUILT_PRODUCTS_DIR; };
		BB67503AA8DC0307623380EA /* Pods_kfm_ios_testTests.framework */ = {isa = PBXFileReference; explicitFileType = wrapper.framework; includeInIndex = 0; path = Pods_kfm_ios_testTests.framework; sourceTree = BUILT_PRODUCTS_DIR; };
		EF3F6842286CA1DB762B4379 /* Pods-kfm-ios-test.release.xcconfig */ = {isa = PBXFileReference; includeInIndex = 1; lastKnownFileType = text.xcconfig; name = "Pods-kfm-ios-test.release.xcconfig"; path = "Target Support Files/Pods-kfm-ios-test/Pods-kfm-ios-test.release.xcconfig"; sourceTree = "<group>"; };
/* End PBXFileReference section */

/* Begin PBXFrameworksBuildPhase section */
		1580281D2773239D003F7EB1 /* Frameworks */ = {
			isa = PBXFrameworksBuildPhase;
			buildActionMask = 2147483647;
			files = (
				995D92F1CA1B587EC05D622D /* Pods_kfm_ios_test.framework in Frameworks */,
			);
			runOnlyForDeploymentPostprocessing = 0;
		};
		15802833277323A5003F7EB1 /* Frameworks */ = {
			isa = PBXFrameworksBuildPhase;
			buildActionMask = 2147483647;
			files = (
				66F5D3EB5A80C18A647984BF /* Pods_kfm_ios_testTests.framework in Frameworks */,
			);
			runOnlyForDeploymentPostprocessing = 0;
		};
		1580283D277323A5003F7EB1 /* Frameworks */ = {
			isa = PBXFrameworksBuildPhase;
			buildActionMask = 2147483647;
			files = (
				751901EEE6A469C52ABD84E2 /* Pods_kfm_ios_test_kfm_ios_testUITests.framework in Frameworks */,
			);
			runOnlyForDeploymentPostprocessing = 0;
		};
/* End PBXFrameworksBuildPhase section */

/* Begin PBXGroup section */
		02D67A164FB82B08AC0D8143 /* Pods */ = {
			isa = PBXGroup;
			children = (
				7CF12138550C99675227DCB4 /* Pods-kfm-ios-test.debug.xcconfig */,
				EF3F6842286CA1DB762B4379 /* Pods-kfm-ios-test.release.xcconfig */,
				A013479459364BB9F8522503 /* Pods-kfm-ios-test-kfm-ios-testUITests.debug.xcconfig */,
				474080B710CF915D9F760914 /* Pods-kfm-ios-test-kfm-ios-testUITests.release.xcconfig */,
				84AD135B46E8747F70E90F48 /* Pods-kfm-ios-testTests.debug.xcconfig */,
				46022BCBA33DB300E0130A43 /* Pods-kfm-ios-testTests.release.xcconfig */,
			);
			path = Pods;
			sourceTree = "<group>";
		};
		158028172773239D003F7EB1 = {
			isa = PBXGroup;
			children = (
				158028222773239D003F7EB1 /* kfm-ios-test */,
				15802839277323A5003F7EB1 /* kfm-ios-testTests */,
				15802843277323A5003F7EB1 /* kfm-ios-testUITests */,
				158028212773239D003F7EB1 /* Products */,
				02D67A164FB82B08AC0D8143 /* Pods */,
				7C0DC7C18D2D2A33D5D93578 /* Frameworks */,
			);
			sourceTree = "<group>";
		};
		158028212773239D003F7EB1 /* Products */ = {
			isa = PBXGroup;
			children = (
				158028202773239D003F7EB1 /* kfm-ios-test.app */,
				15802836277323A5003F7EB1 /* kfm-ios-testTests.xctest */,
				15802840277323A5003F7EB1 /* kfm-ios-testUITests.xctest */,
			);
			name = Products;
			sourceTree = "<group>";
		};
		158028222773239D003F7EB1 /* kfm-ios-test */ = {
			isa = PBXGroup;
			children = (
				1580286127742970003F7EB1 /* Networking */,
				1580285E27742814003F7EB1 /* Helpers */,
				15802858277424D1003F7EB1 /* Main */,
				1580285327742468003F7EB1 /* Coordinator */,
				158028232773239D003F7EB1 /* AppDelegate.swift */,
				158028252773239D003F7EB1 /* SceneDelegate.swift */,
				158028292773239D003F7EB1 /* Main.storyboard */,
				1580282C277323A5003F7EB1 /* Assets.xcassets */,
				1580282E277323A5003F7EB1 /* LaunchScreen.storyboard */,
				15802831277323A5003F7EB1 /* Info.plist */,
			);
			path = "kfm-ios-test";
			sourceTree = "<group>";
		};
		15802839277323A5003F7EB1 /* kfm-ios-testTests */ = {
			isa = PBXGroup;
			children = (
				1580283A277323A5003F7EB1 /* kfm_ios_testTests.swift */,
			);
			path = "kfm-ios-testTests";
			sourceTree = "<group>";
		};
		15802843277323A5003F7EB1 /* kfm-ios-testUITests */ = {
			isa = PBXGroup;
			children = (
				15802844277323A5003F7EB1 /* kfm_ios_testUITests.swift */,
				15802846277323A5003F7EB1 /* kfm_ios_testUITestsLaunchTests.swift */,
			);
			path = "kfm-ios-testUITests";
			sourceTree = "<group>";
		};
		1580285327742468003F7EB1 /* Coordinator */ = {
			isa = PBXGroup;
			children = (
				1580285427742496003F7EB1 /* Coordinator.swift */,
				15802856277424AE003F7EB1 /* Storyboarded.swift */,
			);
			path = Coordinator;
			sourceTree = "<group>";
		};
		15802858277424D1003F7EB1 /* Main */ = {
			isa = PBXGroup;
			children = (
				1580285C2774255B003F7EB1 /* MainCoordinator.swift */,
				1580285B277424EC003F7EB1 /* Model */,
				1580285A277424E5003F7EB1 /* ViewModel */,
				15802859277424E0003F7EB1 /* View */,
			);
			path = Main;
			sourceTree = "<group>";
		};
		15802859277424E0003F7EB1 /* View */ = {
			isa = PBXGroup;
			children = (
				1580286A277560AF003F7EB1 /* XIB */,
				158028272773239D003F7EB1 /* ViewController.swift */,
				1580286D27756192003F7EB1 /* WeatherCell.swift */,
			);
			path = View;
			sourceTree = "<group>";
		};
		1580285A277424E5003F7EB1 /* ViewModel */ = {
			isa = PBXGroup;
			children = (
				1580286627742DFA003F7EB1 /* MainViewModel.swift */,
			);
			path = ViewModel;
			sourceTree = "<group>";
		};
		1580285B277424EC003F7EB1 /* Model */ = {
			isa = PBXGroup;
			children = (
				1580286427742C19003F7EB1 /* Weather.swift */,
				1580286827746A02003F7EB1 /* WeatherForecast.swift */,
			);
			path = Model;
			sourceTree = "<group>";
		};
		1580285E27742814003F7EB1 /* Helpers */ = {
			isa = PBXGroup;
			children = (
			);
			path = Helpers;
			sourceTree = "<group>";
		};
		1580286127742970003F7EB1 /* Networking */ = {
			isa = PBXGroup;
			children = (
				1580285F27742828003F7EB1 /* URLs.swift */,
				1580286227742984003F7EB1 /* NetworkManager.swift */,
			);
			path = Networking;
			sourceTree = "<group>";
		};
		1580286A277560AF003F7EB1 /* XIB */ = {
			isa = PBXGroup;
			children = (
				1580286B277560C6003F7EB1 /* WeatherCell.xib */,
			);
			path = XIB;
			sourceTree = "<group>";
		};
		7C0DC7C18D2D2A33D5D93578 /* Frameworks */ = {
			isa = PBXGroup;
			children = (
				182159D90E986157C8B6C0CE /* Pods_kfm_ios_test.framework */,
				B95248BD17BB55FE6B1CAA15 /* Pods_kfm_ios_test_kfm_ios_testUITests.framework */,
				BB67503AA8DC0307623380EA /* Pods_kfm_ios_testTests.framework */,
			);
			name = Frameworks;
			sourceTree = "<group>";
		};
/* End PBXGroup section */

/* Begin PBXNativeTarget section */
		1580281F2773239D003F7EB1 /* kfm-ios-test */ = {
			isa = PBXNativeTarget;
			buildConfigurationList = 1580284A277323A5003F7EB1 /* Build configuration list for PBXNativeTarget "kfm-ios-test" */;
			buildPhases = (
				C981744EC265F0183741D0D0 /* [CP] Check Pods Manifest.lock */,
				1580281C2773239D003F7EB1 /* Sources */,
				1580281D2773239D003F7EB1 /* Frameworks */,
				1580281E2773239D003F7EB1 /* Resources */,
				1E9BC08A641286BF456D58C5 /* [CP] Embed Pods Frameworks */,
			);
			buildRules = (
			);
			dependencies = (
			);
			name = "kfm-ios-test";
			productName = "kfm-ios-test";
			productReference = 158028202773239D003F7EB1 /* kfm-ios-test.app */;
			productType = "com.apple.product-type.application";
		};
		15802835277323A5003F7EB1 /* kfm-ios-testTests */ = {
			isa = PBXNativeTarget;
			buildConfigurationList = 1580284D277323A5003F7EB1 /* Build configuration list for PBXNativeTarget "kfm-ios-testTests" */;
			buildPhases = (
				4367AF82E963B546BEA848EC /* [CP] Check Pods Manifest.lock */,
				15802832277323A5003F7EB1 /* Sources */,
				15802833277323A5003F7EB1 /* Frameworks */,
				15802834277323A5003F7EB1 /* Resources */,
			);
			buildRules = (
			);
			dependencies = (
				15802838277323A5003F7EB1 /* PBXTargetDependency */,
			);
			name = "kfm-ios-testTests";
			productName = "kfm-ios-testTests";
			productReference = 15802836277323A5003F7EB1 /* kfm-ios-testTests.xctest */;
			productType = "com.apple.product-type.bundle.unit-test";
		};
		1580283F277323A5003F7EB1 /* kfm-ios-testUITests */ = {
			isa = PBXNativeTarget;
			buildConfigurationList = 15802850277323A5003F7EB1 /* Build configuration list for PBXNativeTarget "kfm-ios-testUITests" */;
			buildPhases = (
				3F8478197D13661FFF71CE24 /* [CP] Check Pods Manifest.lock */,
				1580283C277323A5003F7EB1 /* Sources */,
				1580283D277323A5003F7EB1 /* Frameworks */,
				1580283E277323A5003F7EB1 /* Resources */,
				E11E7E29C067E7049BF70A0A /* [CP] Embed Pods Frameworks */,
			);
			buildRules = (
			);
			dependencies = (
				15802842277323A5003F7EB1 /* PBXTargetDependency */,
			);
			name = "kfm-ios-testUITests";
			productName = "kfm-ios-testUITests";
			productReference = 15802840277323A5003F7EB1 /* kfm-ios-testUITests.xctest */;
			productType = "com.apple.product-type.bundle.ui-testing";
		};
/* End PBXNativeTarget section */

/* Begin PBXProject section */
		158028182773239D003F7EB1 /* Project object */ = {
			isa = PBXProject;
			attributes = {
				BuildIndependentTargetsInParallel = 1;
				LastSwiftUpdateCheck = 1310;
				LastUpgradeCheck = 1310;
				TargetAttributes = {
					1580281F2773239D003F7EB1 = {
						CreatedOnToolsVersion = 13.1;
					};
					15802835277323A5003F7EB1 = {
						CreatedOnToolsVersion = 13.1;
						TestTargetID = 1580281F2773239D003F7EB1;
					};
					1580283F277323A5003F7EB1 = {
						CreatedOnToolsVersion = 13.1;
						TestTargetID = 1580281F2773239D003F7EB1;
					};
				};
			};
			buildConfigurationList = 1580281B2773239D003F7EB1 /* Build configuration list for PBXProject "kfm-ios-test" */;
			compatibilityVersion = "Xcode 13.0";
			developmentRegion = en;
			hasScannedForEncodings = 0;
			knownRegions = (
				en,
				Base,
			);
			mainGroup = 158028172773239D003F7EB1;
			productRefGroup = 158028212773239D003F7EB1 /* Products */;
			projectDirPath = "";
			projectRoot = "";
			targets = (
				1580281F2773239D003F7EB1 /* kfm-ios-test */,
				15802835277323A5003F7EB1 /* kfm-ios-testTests */,
				1580283F277323A5003F7EB1 /* kfm-ios-testUITests */,
			);
		};
/* End PBXProject section */

/* Begin PBXResourcesBuildPhase section */
		1580281E2773239D003F7EB1 /* Resources */ = {
			isa = PBXResourcesBuildPhase;
			buildActionMask = 2147483647;
			files = (
				1580286C277560C7003F7EB1 /* WeatherCell.xib in Resources */,
				15802830277323A5003F7EB1 /* LaunchScreen.storyboard in Resources */,
				1580282D277323A5003F7EB1 /* Assets.xcassets in Resources */,
				1580282B2773239D003F7EB1 /* Main.storyboard in Resources */,
			);
			runOnlyForDeploymentPostprocessing = 0;
		};
		15802834277323A5003F7EB1 /* Resources */ = {
			isa = PBXResourcesBuildPhase;
			buildActionMask = 2147483647;
			files = (
			);
			runOnlyForDeploymentPostprocessing = 0;
		};
		1580283E277323A5003F7EB1 /* Resources */ = {
			isa = PBXResourcesBuildPhase;
			buildActionMask = 2147483647;
			files = (
			);
			runOnlyForDeploymentPostprocessing = 0;
		};
/* End PBXResourcesBuildPhase section */

/* Begin PBXShellScriptBuildPhase section */
		1E9BC08A641286BF456D58C5 /* [CP] Embed Pods Frameworks */ = {
			isa = PBXShellScriptBuildPhase;
			buildActionMask = 2147483647;
			files = (
			);
			inputFileListPaths = (
				"${PODS_ROOT}/Target Support Files/Pods-kfm-ios-test/Pods-kfm-ios-test-frameworks-${CONFIGURATION}-input-files.xcfilelist",
			);
			name = "[CP] Embed Pods Frameworks";
			outputFileListPaths = (
				"${PODS_ROOT}/Target Support Files/Pods-kfm-ios-test/Pods-kfm-ios-test-frameworks-${CONFIGURATION}-output-files.xcfilelist",
			);
			runOnlyForDeploymentPostprocessing = 0;
			shellPath = /bin/sh;
			shellScript = "\"${PODS_ROOT}/Target Support Files/Pods-kfm-ios-test/Pods-kfm-ios-test-frameworks.sh\"\n";
			showEnvVarsInLog = 0;
		};
		3F8478197D13661FFF71CE24 /* [CP] Check Pods Manifest.lock */ = {
			isa = PBXShellScriptBuildPhase;
			buildActionMask = 2147483647;
			files = (
			);
			inputFileListPaths = (
			);
			inputPaths = (
				"${PODS_PODFILE_DIR_PATH}/Podfile.lock",
				"${PODS_ROOT}/Manifest.lock",
			);
			name = "[CP] Check Pods Manifest.lock";
			outputFileListPaths = (
			);
			outputPaths = (
				"$(DERIVED_FILE_DIR)/Pods-kfm-ios-test-kfm-ios-testUITests-checkManifestLockResult.txt",
			);
			runOnlyForDeploymentPostprocessing = 0;
			shellPath = /bin/sh;
			shellScript = "diff \"${PODS_PODFILE_DIR_PATH}/Podfile.lock\" \"${PODS_ROOT}/Manifest.lock\" > /dev/null\nif [ $? != 0 ] ; then\n    # print error to STDERR\n    echo \"error: The sandbox is not in sync with the Podfile.lock. Run 'pod install' or update your CocoaPods installation.\" >&2\n    exit 1\nfi\n# This output is used by Xcode 'outputs' to avoid re-running this script phase.\necho \"SUCCESS\" > \"${SCRIPT_OUTPUT_FILE_0}\"\n";
			showEnvVarsInLog = 0;
		};
		4367AF82E963B546BEA848EC /* [CP] Check Pods Manifest.lock */ = {
			isa = PBXShellScriptBuildPhase;
			buildActionMask = 2147483647;
			files = (
			);
			inputFileListPaths = (
			);
			inputPaths = (
				"${PODS_PODFILE_DIR_PATH}/Podfile.lock",
				"${PODS_ROOT}/Manifest.lock",
			);
			name = "[CP] Check Pods Manifest.lock";
			outputFileListPaths = (
			);
			outputPaths = (
				"$(DERIVED_FILE_DIR)/Pods-kfm-ios-testTests-checkManifestLockResult.txt",
			);
			runOnlyForDeploymentPostprocessing = 0;
			shellPath = /bin/sh;
			shellScript = "diff \"${PODS_PODFILE_DIR_PATH}/Podfile.lock\" \"${PODS_ROOT}/Manifest.lock\" > /dev/null\nif [ $? != 0 ] ; then\n    # print error to STDERR\n    echo \"error: The sandbox is not in sync with the Podfile.lock. Run 'pod install' or update your CocoaPods installation.\" >&2\n    exit 1\nfi\n# This output is used by Xcode 'outputs' to avoid re-running this script phase.\necho \"SUCCESS\" > \"${SCRIPT_OUTPUT_FILE_0}\"\n";
			showEnvVarsInLog = 0;
		};
		C981744EC265F0183741D0D0 /* [CP] Check Pods Manifest.lock */ = {
			isa = PBXShellScriptBuildPhase;
			buildActionMask = 2147483647;
			files = (
			);
			inputFileListPaths = (
			);
			inputPaths = (
				"${PODS_PODFILE_DIR_PATH}/Podfile.lock",
				"${PODS_ROOT}/Manifest.lock",
			);
			name = "[CP] Check Pods Manifest.lock";
			outputFileListPaths = (
			);
			outputPaths = (
				"$(DERIVED_FILE_DIR)/Pods-kfm-ios-test-checkManifestLockResult.txt",
			);
			runOnlyForDeploymentPostprocessing = 0;
			shellPath = /bin/sh;
			shellScript = "diff \"${PODS_PODFILE_DIR_PATH}/Podfile.lock\" \"${PODS_ROOT}/Manifest.lock\" > /dev/null\nif [ $? != 0 ] ; then\n    # print error to STDERR\n    echo \"error: The sandbox is not in sync with the Podfile.lock. Run 'pod install' or update your CocoaPods installation.\" >&2\n    exit 1\nfi\n# This output is used by Xcode 'outputs' to avoid re-running this script phase.\necho \"SUCCESS\" > \"${SCRIPT_OUTPUT_FILE_0}\"\n";
			showEnvVarsInLog = 0;
		};
		E11E7E29C067E7049BF70A0A /* [CP] Embed Pods Frameworks */ = {
			isa = PBXShellScriptBuildPhase;
			buildActionMask = 2147483647;
			files = (
			);
			inputFileListPaths = (
				"${PODS_ROOT}/Target Support Files/Pods-kfm-ios-test-kfm-ios-testUITests/Pods-kfm-ios-test-kfm-ios-testUITests-frameworks-${CONFIGURATION}-input-files.xcfilelist",
			);
			name = "[CP] Embed Pods Frameworks";
			outputFileListPaths = (
				"${PODS_ROOT}/Target Support Files/Pods-kfm-ios-test-kfm-ios-testUITests/Pods-kfm-ios-test-kfm-ios-testUITests-frameworks-${CONFIGURATION}-output-files.xcfilelist",
			);
			runOnlyForDeploymentPostprocessing = 0;
			shellPath = /bin/sh;
			shellScript = "\"${PODS_ROOT}/Target Support Files/Pods-kfm-ios-test-kfm-ios-testUITests/Pods-kfm-ios-test-kfm-ios-testUITests-frameworks.sh\"\n";
			showEnvVarsInLog = 0;
		};
/* End PBXShellScriptBuildPhase section */

/* Begin PBXSourcesBuildPhase section */
		1580281C2773239D003F7EB1 /* Sources */ = {
			isa = PBXSourcesBuildPhase;
			buildActionMask = 2147483647;
			files = (
				1580285527742496003F7EB1 /* Coordinator.swift in Sources */,
				1580285D2774255B003F7EB1 /* MainCoordinator.swift in Sources */,
				1580286027742828003F7EB1 /* URLs.swift in Sources */,
				158028282773239D003F7EB1 /* ViewController.swift in Sources */,
				1580286527742C19003F7EB1 /* Weather.swift in Sources */,
				1580286727742DFA003F7EB1 /* MainViewModel.swift in Sources */,
				1580286327742984003F7EB1 /* NetworkManager.swift in Sources */,
				1580286927746A02003F7EB1 /* WeatherForecast.swift in Sources */,
				1580286E27756192003F7EB1 /* WeatherCell.swift in Sources */,
				15802857277424AE003F7EB1 /* Storyboarded.swift in Sources */,
				158028242773239D003F7EB1 /* AppDelegate.swift in Sources */,
				158028262773239D003F7EB1 /* SceneDelegate.swift in Sources */,
			);
			runOnlyForDeploymentPostprocessing = 0;
		};
		15802832277323A5003F7EB1 /* Sources */ = {
			isa = PBXSourcesBuildPhase;
			buildActionMask = 2147483647;
			files = (
				1580283B277323A5003F7EB1 /* kfm_ios_testTests.swift in Sources */,
			);
			runOnlyForDeploymentPostprocessing = 0;
		};
		1580283C277323A5003F7EB1 /* Sources */ = {
			isa = PBXSourcesBuildPhase;
			buildActionMask = 2147483647;
			files = (
				15802845277323A5003F7EB1 /* kfm_ios_testUITests.swift in Sources */,
				15802847277323A5003F7EB1 /* kfm_ios_testUITestsLaunchTests.swift in Sources */,
			);
			runOnlyForDeploymentPostprocessing = 0;
		};
/* End PBXSourcesBuildPhase section */

/* Begin PBXTargetDependency section */
		15802838277323A5003F7EB1 /* PBXTargetDependency */ = {
			isa = PBXTargetDependency;
			target = 1580281F2773239D003F7EB1 /* kfm-ios-test */;
			targetProxy = 15802837277323A5003F7EB1 /* PBXContainerItemProxy */;
		};
		15802842277323A5003F7EB1 /* PBXTargetDependency */ = {
			isa = PBXTargetDependency;
			target = 1580281F2773239D003F7EB1 /* kfm-ios-test */;
			targetProxy = 15802841277323A5003F7EB1 /* PBXContainerItemProxy */;
		};
/* End PBXTargetDependency section */

/* Begin PBXVariantGroup section */
		158028292773239D003F7EB1 /* Main.storyboard */ = {
			isa = PBXVariantGroup;
			children = (
				1580282A2773239D003F7EB1 /* Base */,
			);
			name = Main.storyboard;
			sourceTree = "<group>";
		};
		1580282E277323A5003F7EB1 /* LaunchScreen.storyboard */ = {
			isa = PBXVariantGroup;
			children = (
				1580282F277323A5003F7EB1 /* Base */,
			);
			name = LaunchScreen.storyboard;
			sourceTree = "<group>";
		};
/* End PBXVariantGroup section */

/* Begin XCBuildConfiguration section */
		15802848277323A5003F7EB1 /* Debug */ = {
			isa = XCBuildConfiguration;
			buildSettings = {
				ALWAYS_SEARCH_USER_PATHS = NO;
				CLANG_ANALYZER_NONNULL = YES;
				CLANG_ANALYZER_NUMBER_OBJECT_CONVERSION = YES_AGGRESSIVE;
				CLANG_CXX_LANGUAGE_STANDARD = "gnu++17";
				CLANG_CXX_LIBRARY = "libc++";
				CLANG_ENABLE_MODULES = YES;
				CLANG_ENABLE_OBJC_ARC = YES;
				CLANG_ENABLE_OBJC_WEAK = YES;
				CLANG_WARN_BLOCK_CAPTURE_AUTORELEASING = YES;
				CLANG_WARN_BOOL_CONVERSION = YES;
				CLANG_WARN_COMMA = YES;
				CLANG_WARN_CONSTANT_CONVERSION = YES;
				CLANG_WARN_DEPRECATED_OBJC_IMPLEMENTATIONS = YES;
				CLANG_WARN_DIRECT_OBJC_ISA_USAGE = YES_ERROR;
				CLANG_WARN_DOCUMENTATION_COMMENTS = YES;
				CLANG_WARN_EMPTY_BODY = YES;
				CLANG_WARN_ENUM_CONVERSION = YES;
				CLANG_WARN_INFINITE_RECURSION = YES;
				CLANG_WARN_INT_CONVERSION = YES;
				CLANG_WARN_NON_LITERAL_NULL_CONVERSION = YES;
				CLANG_WARN_OBJC_IMPLICIT_RETAIN_SELF = YES;
				CLANG_WARN_OBJC_LITERAL_CONVERSION = YES;
				CLANG_WARN_OBJC_ROOT_CLASS = YES_ERROR;
				CLANG_WARN_QUOTED_INCLUDE_IN_FRAMEWORK_HEADER = YES;
				CLANG_WARN_RANGE_LOOP_ANALYSIS = YES;
				CLANG_WARN_STRICT_PROTOTYPES = YES;
				CLANG_WARN_SUSPICIOUS_MOVE = YES;
				CLANG_WARN_UNGUARDED_AVAILABILITY = YES_AGGRESSIVE;
				CLANG_WARN_UNREACHABLE_CODE = YES;
				CLANG_WARN__DUPLICATE_METHOD_MATCH = YES;
				COPY_PHASE_STRIP = NO;
				DEBUG_INFORMATION_FORMAT = dwarf;
				ENABLE_STRICT_OBJC_MSGSEND = YES;
				ENABLE_TESTABILITY = YES;
				GCC_C_LANGUAGE_STANDARD = gnu11;
				GCC_DYNAMIC_NO_PIC = NO;
				GCC_NO_COMMON_BLOCKS = YES;
				GCC_OPTIMIZATION_LEVEL = 0;
				GCC_PREPROCESSOR_DEFINITIONS = (
					"DEBUG=1",
					"$(inherited)",
				);
				GCC_WARN_64_TO_32_BIT_CONVERSION = YES;
				GCC_WARN_ABOUT_RETURN_TYPE = YES_ERROR;
				GCC_WARN_UNDECLARED_SELECTOR = YES;
				GCC_WARN_UNINITIALIZED_AUTOS = YES_AGGRESSIVE;
				GCC_WARN_UNUSED_FUNCTION = YES;
				GCC_WARN_UNUSED_VARIABLE = YES;
				IPHONEOS_DEPLOYMENT_TARGET = 15.0;
				MTL_ENABLE_DEBUG_INFO = INCLUDE_SOURCE;
				MTL_FAST_MATH = YES;
				ONLY_ACTIVE_ARCH = YES;
				SDKROOT = iphoneos;
				SWIFT_ACTIVE_COMPILATION_CONDITIONS = DEBUG;
				SWIFT_OPTIMIZATION_LEVEL = "-Onone";
			};
			name = Debug;
		};
		15802849277323A5003F7EB1 /* Release */ = {
			isa = XCBuildConfiguration;
			buildSettings = {
				ALWAYS_SEARCH_USER_PATHS = NO;
				CLANG_ANALYZER_NONNULL = YES;
				CLANG_ANALYZER_NUMBER_OBJECT_CONVERSION = YES_AGGRESSIVE;
				CLANG_CXX_LANGUAGE_STANDARD = "gnu++17";
				CLANG_CXX_LIBRARY = "libc++";
				CLANG_ENABLE_MODULES = YES;
				CLANG_ENABLE_OBJC_ARC = YES;
				CLANG_ENABLE_OBJC_WEAK = YES;
				CLANG_WARN_BLOCK_CAPTURE_AUTORELEASING = YES;
				CLANG_WARN_BOOL_CONVERSION = YES;
				CLANG_WARN_COMMA = YES;
				CLANG_WARN_CONSTANT_CONVERSION = YES;
				CLANG_WARN_DEPRECATED_OBJC_IMPLEMENTATIONS = YES;
				CLANG_WARN_DIRECT_OBJC_ISA_USAGE = YES_ERROR;
				CLANG_WARN_DOCUMENTATION_COMMENTS = YES;
				CLANG_WARN_EMPTY_BODY = YES;
				CLANG_WARN_ENUM_CONVERSION = YES;
				CLANG_WARN_INFINITE_RECURSION = YES;
				CLANG_WARN_INT_CONVERSION = YES;
				CLANG_WARN_NON_LITERAL_NULL_CONVERSION = YES;
				CLANG_WARN_OBJC_IMPLICIT_RETAIN_SELF = YES;
				CLANG_WARN_OBJC_LITERAL_CONVERSION = YES;
				CLANG_WARN_OBJC_ROOT_CLASS = YES_ERROR;
				CLANG_WARN_QUOTED_INCLUDE_IN_FRAMEWORK_HEADER = YES;
				CLANG_WARN_RANGE_LOOP_ANALYSIS = YES;
				CLANG_WARN_STRICT_PROTOTYPES = YES;
				CLANG_WARN_SUSPICIOUS_MOVE = YES;
				CLANG_WARN_UNGUARDED_AVAILABILITY = YES_AGGRESSIVE;
				CLANG_WARN_UNREACHABLE_CODE = YES;
				CLANG_WARN__DUPLICATE_METHOD_MATCH = YES;
				COPY_PHASE_STRIP = NO;
				DEBUG_INFORMATION_FORMAT = "dwarf-with-dsym";
				ENABLE_NS_ASSERTIONS = NO;
				ENABLE_STRICT_OBJC_MSGSEND = YES;
				GCC_C_LANGUAGE_STANDARD = gnu11;
				GCC_NO_COMMON_BLOCKS = YES;
				GCC_WARN_64_TO_32_BIT_CONVERSION = YES;
				GCC_WARN_ABOUT_RETURN_TYPE = YES_ERROR;
				GCC_WARN_UNDECLARED_SELECTOR = YES;
				GCC_WARN_UNINITIALIZED_AUTOS = YES_AGGRESSIVE;
				GCC_WARN_UNUSED_FUNCTION = YES;
				GCC_WARN_UNUSED_VARIABLE = YES;
				IPHONEOS_DEPLOYMENT_TARGET = 15.0;
				MTL_ENABLE_DEBUG_INFO = NO;
				MTL_FAST_MATH = YES;
				SDKROOT = iphoneos;
				SWIFT_COMPILATION_MODE = wholemodule;
				SWIFT_OPTIMIZATION_LEVEL = "-O";
				VALIDATE_PRODUCT = YES;
			};
			name = Release;
		};
		1580284B277323A5003F7EB1 /* Debug */ = {
			isa = XCBuildConfiguration;
			baseConfigurationReference = 7CF12138550C99675227DCB4 /* Pods-kfm-ios-test.debug.xcconfig */;
			buildSettings = {
				ASSETCATALOG_COMPILER_APPICON_NAME = AppIcon;
				ASSETCATALOG_COMPILER_GLOBAL_ACCENT_COLOR_NAME = AccentColor;
				CODE_SIGN_STYLE = Automatic;
				CURRENT_PROJECT_VERSION = 1;
				DEVELOPMENT_TEAM = BQSC4G822R;
				GENERATE_INFOPLIST_FILE = YES;
				INFOPLIST_FILE = "kfm-ios-test/Info.plist";
				INFOPLIST_KEY_UIApplicationSupportsIndirectInputEvents = YES;
				INFOPLIST_KEY_UILaunchStoryboardName = LaunchScreen;
				INFOPLIST_KEY_UIMainStoryboardFile = Main;
				INFOPLIST_KEY_UISupportedInterfaceOrientations_iPad = "UIInterfaceOrientationPortrait UIInterfaceOrientationPortraitUpsideDown UIInterfaceOrientationLandscapeLeft UIInterfaceOrientationLandscapeRight";
				INFOPLIST_KEY_UISupportedInterfaceOrientations_iPhone = "UIInterfaceOrientationPortrait UIInterfaceOrientationLandscapeLeft UIInterfaceOrientationLandscapeRight";
				LD_RUNPATH_SEARCH_PATHS = (
					"$(inherited)",
					"@executable_path/Frameworks",
				);
				MARKETING_VERSION = 1.0;
				PRODUCT_BUNDLE_IDENTIFIER = "me.yudha.tama.kfm-ios-test";
				PRODUCT_NAME = "$(TARGET_NAME)";
				SWIFT_EMIT_LOC_STRINGS = YES;
				SWIFT_VERSION = 5.0;
				TARGETED_DEVICE_FAMILY = "1,2";
			};
			name = Debug;
		};
		1580284C277323A5003F7EB1 /* Release */ = {
			isa = XCBuildConfiguration;
			baseConfigurationReference = EF3F6842286CA1DB762B4379 /* Pods-kfm-ios-test.release.xcconfig */;
			buildSettings = {
				ASSETCATALOG_COMPILER_APPICON_NAME = AppIcon;
				ASSETCATALOG_COMPILER_GLOBAL_ACCENT_COLOR_NAME = AccentColor;
				CODE_SIGN_STYLE = Automatic;
				CURRENT_PROJECT_VERSION = 1;
				DEVELOPMENT_TEAM = BQSC4G822R;
				GENERATE_INFOPLIST_FILE = YES;
				INFOPLIST_FILE = "kfm-ios-test/Info.plist";
				INFOPLIST_KEY_UIApplicationSupportsIndirectInputEvents = YES;
				INFOPLIST_KEY_UILaunchStoryboardName = LaunchScreen;
				INFOPLIST_KEY_UIMainStoryboardFile = Main;
				INFOPLIST_KEY_UISupportedInterfaceOrientations_iPad = "UIInterfaceOrientationPortrait UIInterfaceOrientationPortraitUpsideDown UIInterfaceOrientationLandscapeLeft UIInterfaceOrientationLandscapeRight";
				INFOPLIST_KEY_UISupportedInterfaceOrientations_iPhone = "UIInterfaceOrientationPortrait UIInterfaceOrientationLandscapeLeft UIInterfaceOrientationLandscapeRight";
				LD_RUNPATH_SEARCH_PATHS = (
					"$(inherited)",
					"@executable_path/Frameworks",
				);
				MARKETING_VERSION = 1.0;
				PRODUCT_BUNDLE_IDENTIFIER = "me.yudha.tama.kfm-ios-test";
				PRODUCT_NAME = "$(TARGET_NAME)";
				SWIFT_EMIT_LOC_STRINGS = YES;
				SWIFT_VERSION = 5.0;
				TARGETED_DEVICE_FAMILY = "1,2";
			};
			name = Release;
		};
		1580284E277323A5003F7EB1 /* Debug */ = {
			isa = XCBuildConfiguration;
			baseConfigurationReference = 84AD135B46E8747F70E90F48 /* Pods-kfm-ios-testTests.debug.xcconfig */;
			buildSettings = {
				ALWAYS_EMBED_SWIFT_STANDARD_LIBRARIES = YES;
				BUNDLE_LOADER = "$(TEST_HOST)";
				CODE_SIGN_STYLE = Automatic;
				CURRENT_PROJECT_VERSION = 1;
				DEVELOPMENT_TEAM = BQSC4G822R;
				GENERATE_INFOPLIST_FILE = YES;
				IPHONEOS_DEPLOYMENT_TARGET = 15.0;
				LD_RUNPATH_SEARCH_PATHS = (
					"$(inherited)",
					"@executable_path/Frameworks",
					"@loader_path/Frameworks",
				);
				MARKETING_VERSION = 1.0;
				PRODUCT_BUNDLE_IDENTIFIER = "me.yudha.tama.kfm-ios-testTests";
				PRODUCT_NAME = "$(TARGET_NAME)";
				SWIFT_EMIT_LOC_STRINGS = NO;
				SWIFT_VERSION = 5.0;
				TARGETED_DEVICE_FAMILY = "1,2";
				TEST_HOST = "$(BUILT_PRODUCTS_DIR)/kfm-ios-test.app/kfm-ios-test";
			};
			name = Debug;
		};
		1580284F277323A5003F7EB1 /* Release */ = {
			isa = XCBuildConfiguration;
			baseConfigurationReference = 46022BCBA33DB300E0130A43 /* Pods-kfm-ios-testTests.release.xcconfig */;
			buildSettings = {
				ALWAYS_EMBED_SWIFT_STANDARD_LIBRARIES = YES;
				BUNDLE_LOADER = "$(TEST_HOST)";
				CODE_SIGN_STYLE = Automatic;
				CURRENT_PROJECT_VERSION = 1;
				DEVELOPMENT_TEAM = BQSC4G822R;
				GENERATE_INFOPLIST_FILE = YES;
				IPHONEOS_DEPLOYMENT_TARGET = 15.0;
				LD_RUNPATH_SEARCH_PATHS = (
					"$(inherited)",
					"@executable_path/Frameworks",
					"@loader_path/Frameworks",
				);
				MARKETING_VERSION = 1.0;
				PRODUCT_BUNDLE_IDENTIFIER = "me.yudha.tama.kfm-ios-testTests";
				PRODUCT_NAME = "$(TARGET_NAME)";
				SWIFT_EMIT_LOC_STRINGS = NO;
				SWIFT_VERSION = 5.0;
				TARGETED_DEVICE_FAMILY = "1,2";
				TEST_HOST = "$(BUILT_PRODUCTS_DIR)/kfm-ios-test.app/kfm-ios-test";
			};
			name = Release;
		};
		15802851277323A5003F7EB1 /* Debug */ = {
			isa = XCBuildConfiguration;
			baseConfigurationReference = A013479459364BB9F8522503 /* Pods-kfm-ios-test-kfm-ios-testUITests.debug.xcconfig */;
			buildSettings = {
				ALWAYS_EMBED_SWIFT_STANDARD_LIBRARIES = YES;
				CODE_SIGN_STYLE = Automatic;
				CURRENT_PROJECT_VERSION = 1;
				DEVELOPMENT_TEAM = BQSC4G822R;
				GENERATE_INFOPLIST_FILE = YES;
				LD_RUNPATH_SEARCH_PATHS = (
					"$(inherited)",
					"@executable_path/Frameworks",
					"@loader_path/Frameworks",
				);
				MARKETING_VERSION = 1.0;
				PRODUCT_BUNDLE_IDENTIFIER = "me.yudha.tama.kfm-ios-testUITests";
				PRODUCT_NAME = "$(TARGET_NAME)";
				SWIFT_EMIT_LOC_STRINGS = NO;
				SWIFT_VERSION = 5.0;
				TARGETED_DEVICE_FAMILY = "1,2";
				TEST_TARGET_NAME = "kfm-ios-test";
			};
			name = Debug;
		};
		15802852277323A5003F7EB1 /* Release */ = {
			isa = XCBuildConfiguration;
			baseConfigurationReference = 474080B710CF915D9F760914 /* Pods-kfm-ios-test-kfm-ios-testUITests.release.xcconfig */;
			buildSettings = {
				ALWAYS_EMBED_SWIFT_STANDARD_LIBRARIES = YES;
				CODE_SIGN_STYLE = Automatic;
				CURRENT_PROJECT_VERSION = 1;
				DEVELOPMENT_TEAM = BQSC4G822R;
				GENERATE_INFOPLIST_FILE = YES;
				LD_RUNPATH_SEARCH_PATHS = (
					"$(inherited)",
					"@executable_path/Frameworks",
					"@loader_path/Frameworks",
				);
				MARKETING_VERSION = 1.0;
				PRODUCT_BUNDLE_IDENTIFIER = "me.yudha.tama.kfm-ios-testUITests";
				PRODUCT_NAME = "$(TARGET_NAME)";
				SWIFT_EMIT_LOC_STRINGS = NO;
				SWIFT_VERSION = 5.0;
				TARGETED_DEVICE_FAMILY = "1,2";
				TEST_TARGET_NAME = "kfm-ios-test";
			};
			name = Release;
		};
/* End XCBuildConfiguration section */

/* Begin XCConfigurationList section */
		1580281B2773239D003F7EB1 /* Build configuration list for PBXProject "kfm-ios-test" */ = {
			isa = XCConfigurationList;
			buildConfigurations = (
				15802848277323A5003F7EB1 /* Debug */,
				15802849277323A5003F7EB1 /* Release */,
			);
			defaultConfigurationIsVisible = 0;
			defaultConfigurationName = Release;
		};
		1580284A277323A5003F7EB1 /* Build configuration list for PBXNativeTarget "kfm-ios-test" */ = {
			isa = XCConfigurationList;
			buildConfigurations = (
				1580284B277323A5003F7EB1 /* Debug */,
				1580284C277323A5003F7EB1 /* Release */,
			);
			defaultConfigurationIsVisible = 0;
			defaultConfigurationName = Release;
		};
		1580284D277323A5003F7EB1 /* Build configuration list for PBXNativeTarget "kfm-ios-testTests" */ = {
			isa = XCConfigurationList;
			buildConfigurations = (
				1580284E277323A5003F7EB1 /* Debug */,
				1580284F277323A5003F7EB1 /* Release */,
			);
			defaultConfigurationIsVisible = 0;
			defaultConfigurationName = Release;
		};
		15802850277323A5003F7EB1 /* Build configuration list for PBXNativeTarget "kfm-ios-testUITests" */ = {
			isa = XCConfigurationList;
			buildConfigurations = (
				15802851277323A5003F7EB1 /* Debug */,
				15802852277323A5003F7EB1 /* Release */,
			);
			defaultConfigurationIsVisible = 0;
			defaultConfigurationName = Release;
		};
/* End XCConfigurationList section */
	};
	rootObject = 158028182773239D003F7EB1 /* Project object */;
}
